
Microsoft Visual Studio Solution File, Format Version 11.00
# Visual Studio 2010
Project("{FAE04EC0-301F-11D3-BF4B-00C04F79EFBC}") = "MongoDB_MVC_Playground", "MongoDB_MVC_Playground\MongoDB_MVC_Playground.csproj", "{6EE01D43-5C50-4766-9C60-C8F4574C70B6}"
EndProject
Project("{FAE04EC0-301F-11D3-BF4B-00C04F79EFBC}") = "MongoDB_MVC_Playground.Tests", "MongoDB_MVC_Playground.Tests\MongoDB_MVC_Playground.Tests.csproj", "{EC1BEBD7-6FE3-4B6B-A04B-BDFCC30EA8A0}"
EndProject
Global
	GlobalSection(SolutionConfigurationPlatforms) = preSolution
		Debug|Any CPU = Debug|Any CPU
		Release|Any CPU = Release|Any CPU
	EndGlobalSection
	GlobalSection(ProjectConfigurationPlatforms) = postSolution
		{6EE01D43-5C50-4766-9C60-C8F4574C70B6}.Debug|Any CPU.ActiveCfg = Debug|Any CPU
		{6EE01D43-5C50-4766-9C60-C8F4574C70B6}.Debug|Any CPU.Build.0 = Debug|Any CPU
		{6EE01D43-5C50-4766-9C60-C8F4574C70B6}.Release|Any CPU.ActiveCfg = Release|Any CPU
		{6EE01D43-5C50-4766-9C60-C8F4574C70B6}.Release|Any CPU.Build.0 = Release|Any CPU
		{EC1BEBD7-6FE3-4B6B-A04B-BDFCC30EA8A0}.Debug|Any CPU.ActiveCfg = Debug|Any CPU
		{EC1BEBD7-6FE3-4B6B-A04B-BDFCC30EA8A0}.Debug|Any CPU.Build.0 = Debug|Any CPU
		{EC1BEBD7-6FE3-4B6B-A04B-BDFCC30EA8A0}.Release|Any CPU.ActiveCfg = Release|Any CPU
		{EC1BEBD7-6FE3-4B6B-A04B-BDFCC30EA8A0}.Release|Any CPU.Build.0 = Release|Any CPU
	EndGlobalSection
	GlobalSection(SolutionProperties) = preSolution
		HideSolutionNode = FALSE
	EndGlobalSection
EndGlobal
