
Microsoft Visual Studio Solution File, Format Version 11.00
# Visual Studio 2010
Project("{FAE04EC0-301F-11D3-BF4B-00C04F79EFBC}") = "MongoDB_MVC_Playground", "MongoDB_MVC_Playground\MongoDB_MVC_Playground.csproj", "{6EE01D43-5C50-4766-9C60-C8F4574C70B6}"
EndProject
Project("{FAE04EC0-301F-11D3-BF4B-00C04F79EFBC}") = "MongoDB_MVC_Playground.Tests", "MongoDB_MVC_Playground.Tests\MongoDB_MVC_Playground.Tests.csproj", "{EC1BEBD7-6FE3-4B6B-A04B-BDFCC30EA8A0}"
EndProject
Project("{FAE04EC0-301F-11D3-BF4B-00C04F79EFBC}") = "MongoDB_Loader", "MongoDB_Loader\MongoDB_Loader.csproj", "{37821166-0A21-4AE2-BDD3-57623AC38926}"
EndProject
Global
	GlobalSection(SolutionConfigurationPlatforms) = preSolution
		Debug|Any CPU = Debug|Any CPU
		Debug|Mixed Platforms = Debug|Mixed Platforms
		Debug|x86 = Debug|x86
		Release|Any CPU = Release|Any CPU
		Release|Mixed Platforms = Release|Mixed Platforms
		Release|x86 = Release|x86
	EndGlobalSection
	GlobalSection(ProjectConfigurationPlatforms) = postSolution
		{6EE01D43-5C50-4766-9C60-C8F4574C70B6}.Debug|Any CPU.ActiveCfg = Debug|Any CPU
		{6EE01D43-5C50-4766-9C60-C8F4574C70B6}.Debug|Any CPU.Build.0 = Debug|Any CPU
		{6EE01D43-5C50-4766-9C60-C8F4574C70B6}.Debug|Mixed Platforms.ActiveCfg = Debug|Any CPU
		{6EE01D43-5C50-4766-9C60-C8F4574C70B6}.Debug|Mixed Platforms.Build.0 = Debug|Any CPU
		{6EE01D43-5C50-4766-9C60-C8F4574C70B6}.Debug|x86.ActiveCfg = Debug|Any CPU
		{6EE01D43-5C50-4766-9C60-C8F4574C70B6}.Release|Any CPU.ActiveCfg = Release|Any CPU
		{6EE01D43-5C50-4766-9C60-C8F4574C70B6}.Release|Any CPU.Build.0 = Release|Any CPU
		{6EE01D43-5C50-4766-9C60-C8F4574C70B6}.Release|Mixed Platforms.ActiveCfg = Release|Any CPU
		{6EE01D43-5C50-4766-9C60-C8F4574C70B6}.Release|Mixed Platforms.Build.0 = Release|Any CPU
		{6EE01D43-5C50-4766-9C60-C8F4574C70B6}.Release|x86.ActiveCfg = Release|Any CPU
		{EC1BEBD7-6FE3-4B6B-A04B-BDFCC30EA8A0}.Debug|Any CPU.ActiveCfg = Debug|Any CPU
		{EC1BEBD7-6FE3-4B6B-A04B-BDFCC30EA8A0}.Debug|Any CPU.Build.0 = Debug|Any CPU
		{EC1BEBD7-6FE3-4B6B-A04B-BDFCC30EA8A0}.Debug|Mixed Platforms.ActiveCfg = Debug|Any CPU
		{EC1BEBD7-6FE3-4B6B-A04B-BDFCC30EA8A0}.Debug|Mixed Platforms.Build.0 = Debug|Any CPU
		{EC1BEBD7-6FE3-4B6B-A04B-BDFCC30EA8A0}.Debug|x86.ActiveCfg = Debug|Any CPU
		{EC1BEBD7-6FE3-4B6B-A04B-BDFCC30EA8A0}.Release|Any CPU.ActiveCfg = Release|Any CPU
		{EC1BEBD7-6FE3-4B6B-A04B-BDFCC30EA8A0}.Release|Any CPU.Build.0 = Release|Any CPU
		{EC1BEBD7-6FE3-4B6B-A04B-BDFCC30EA8A0}.Release|Mixed Platforms.ActiveCfg = Release|Any CPU
		{EC1BEBD7-6FE3-4B6B-A04B-BDFCC30EA8A0}.Release|Mixed Platforms.Build.0 = Release|Any CPU
		{EC1BEBD7-6FE3-4B6B-A04B-BDFCC30EA8A0}.Release|x86.ActiveCfg = Release|Any CPU
		{37821166-0A21-4AE2-BDD3-57623AC38926}.Debug|Any CPU.ActiveCfg = Debug|x86
		{37821166-0A21-4AE2-BDD3-57623AC38926}.Debug|Mixed Platforms.ActiveCfg = Debug|x86
		{37821166-0A21-4AE2-BDD3-57623AC38926}.Debug|Mixed Platforms.Build.0 = Debug|x86
		{37821166-0A21-4AE2-BDD3-57623AC38926}.Debug|x86.ActiveCfg = Debug|x86
		{37821166-0A21-4AE2-BDD3-57623AC38926}.Debug|x86.Build.0 = Debug|x86
		{37821166-0A21-4AE2-BDD3-57623AC38926}.Release|Any CPU.ActiveCfg = Release|x86
		{37821166-0A21-4AE2-BDD3-57623AC38926}.Release|Mixed Platforms.ActiveCfg = Release|x86
		{37821166-0A21-4AE2-BDD3-57623AC38926}.Release|Mixed Platforms.Build.0 = Release|x86
		{37821166-0A21-4AE2-BDD3-57623AC38926}.Release|x86.ActiveCfg = Release|x86
		{37821166-0A21-4AE2-BDD3-57623AC38926}.Release|x86.Build.0 = Release|x86
	EndGlobalSection
	GlobalSection(SolutionProperties) = preSolution
		HideSolutionNode = FALSE
	EndGlobalSection
EndGlobal
